// !$*UTF8*$!
{
	archiveVersion = 1;
	classes = {
	};
	objectVersion = 56;
	objects = {

/* Begin PBXBuildFile section */
		8904B27429C5F52D00E45406 /* LockScreen.swift in Sources */ = {isa = PBXBuildFile; fileRef = 8904B27329C5F52D00E45406 /* LockScreen.swift */; };
		894ADB9C29C0B70C00B2CEB8 /* AppDelegate.swift in Sources */ = {isa = PBXBuildFile; fileRef = 894ADB9B29C0B70C00B2CEB8 /* AppDelegate.swift */; };
		8968635629B1FA9400977893 /* AddWindow.swift in Sources */ = {isa = PBXBuildFile; fileRef = 8968635529B1FA9300977893 /* AddWindow.swift */; };
		897A627C29C3BAA000F33CC1 /* HapticManager.swift in Sources */ = {isa = PBXBuildFile; fileRef = 897A627B29C3BAA000F33CC1 /* HapticManager.swift */; };
		899E1E2129C8970700F8E90B /* ColorSchemeManager.swift in Sources */ = {isa = PBXBuildFile; fileRef = 899E1E2029C8970700F8E90B /* ColorSchemeManager.swift */; };
		899E1E2529C8C14900F8E90B /* AddButton.swift in Sources */ = {isa = PBXBuildFile; fileRef = 899E1E2429C8C14900F8E90B /* AddButton.swift */; };
		899E1E2729C8C1FE00F8E90B /* TaskRow.swift in Sources */ = {isa = PBXBuildFile; fileRef = 899E1E2629C8C1FE00F8E90B /* TaskRow.swift */; };
		899E1E2929C8C81F00F8E90B /* SearchTextField.swift in Sources */ = {isa = PBXBuildFile; fileRef = 899E1E2829C8C81F00F8E90B /* SearchTextField.swift */; };
		899E1E2B29C8C90900F8E90B /* SearchButton.swift in Sources */ = {isa = PBXBuildFile; fileRef = 899E1E2A29C8C90900F8E90B /* SearchButton.swift */; };
		899E1E2D29C8C94B00F8E90B /* MainList.swift in Sources */ = {isa = PBXBuildFile; fileRef = 899E1E2C29C8C94B00F8E90B /* MainList.swift */; };
		899E1E3629C8CCBC00F8E90B /* MenuView.swift in Sources */ = {isa = PBXBuildFile; fileRef = 899E1E3529C8CCBC00F8E90B /* MenuView.swift */; };
		899E1E3829C8CCEF00F8E90B /* PasscodeButton.swift in Sources */ = {isa = PBXBuildFile; fileRef = 899E1E3729C8CCEF00F8E90B /* PasscodeButton.swift */; };
		899E1E3A29C8CD6F00F8E90B /* PasscodeCircles.swift in Sources */ = {isa = PBXBuildFile; fileRef = 899E1E3929C8CD6F00F8E90B /* PasscodeCircles.swift */; };
		899E1E3C29C8CE2F00F8E90B /* ShakeEffect.swift in Sources */ = {isa = PBXBuildFile; fileRef = 899E1E3B29C8CE2F00F8E90B /* ShakeEffect.swift */; };
		899E1E3F29C8D1C900F8E90B /* BasketButton.swift in Sources */ = {isa = PBXBuildFile; fileRef = 899E1E3E29C8D1C900F8E90B /* BasketButton.swift */; };
		899E1E4229C8D25A00F8E90B /* TitleTextField.swift in Sources */ = {isa = PBXBuildFile; fileRef = 899E1E4129C8D25A00F8E90B /* TitleTextField.swift */; };
		899E1E4429C8D2F000F8E90B /* NotesField.swift in Sources */ = {isa = PBXBuildFile; fileRef = 899E1E4329C8D2F000F8E90B /* NotesField.swift */; };
		899E1E4629C8D35E00F8E90B /* NotificationToggle.swift in Sources */ = {isa = PBXBuildFile; fileRef = 899E1E4529C8D35E00F8E90B /* NotificationToggle.swift */; };
		899E1E4829C8D3B300F8E90B /* NotificationOptions.swift in Sources */ = {isa = PBXBuildFile; fileRef = 899E1E4729C8D3B300F8E90B /* NotificationOptions.swift */; };
		899E1E4A29C8E42E00F8E90B /* SheetView.swift in Sources */ = {isa = PBXBuildFile; fileRef = 899E1E4929C8E42E00F8E90B /* SheetView.swift */; };
		89A1CCBB29EBF7480022668C /* BiometryManager.swift in Sources */ = {isa = PBXBuildFile; fileRef = 89A1CCBA29EBF7480022668C /* BiometryManager.swift */; };
		89A1CCBD29EBF8150022668C /* DataManager.swift in Sources */ = {isa = PBXBuildFile; fileRef = 89A1CCBC29EBF8150022668C /* DataManager.swift */; };
		89ACC47D29B641C900D4CAFA /* NotificationManager.swift in Sources */ = {isa = PBXBuildFile; fileRef = 89ACC47C29B641C900D4CAFA /* NotificationManager.swift */; };
		89B1022B29B0F91F00DBF9F0 /* SettingsView.swift in Sources */ = {isa = PBXBuildFile; fileRef = 89B1022A29B0F91F00DBF9F0 /* SettingsView.swift */; };
		89B1022D29B0F93F00DBF9F0 /* RecentView.swift in Sources */ = {isa = PBXBuildFile; fileRef = 89B1022C29B0F93F00DBF9F0 /* RecentView.swift */; };
		89B1023029B10A7B00DBF9F0 /* TabBar.swift in Sources */ = {isa = PBXBuildFile; fileRef = 89B1022F29B10A7B00DBF9F0 /* TabBar.swift */; };
		89B4ED0E29C9DA6800A880F7 /* AccentButton.swift in Sources */ = {isa = PBXBuildFile; fileRef = 89B4ED0D29C9DA6800A880F7 /* AccentButton.swift */; };
		89E7B22A29BCCD3A00F03954 /* Localizable.strings in Resources */ = {isa = PBXBuildFile; fileRef = 89E7B22C29BCCD3A00F03954 /* Localizable.strings */; };
		89EE84BA29AF6A36008A13CF /* Task_ManagerApp.swift in Sources */ = {isa = PBXBuildFile; fileRef = 89EE84B929AF6A36008A13CF /* Task_ManagerApp.swift */; };
		89EE84BC29AF6A36008A13CF /* ContentView.swift in Sources */ = {isa = PBXBuildFile; fileRef = 89EE84BB29AF6A36008A13CF /* ContentView.swift */; };
		89EE84BE29AF6A36008A13CF /* Assets.xcassets in Resources */ = {isa = PBXBuildFile; fileRef = 89EE84BD29AF6A36008A13CF /* Assets.xcassets */; };
		89EE84C129AF6A36008A13CF /* Preview Assets.xcassets in Resources */ = {isa = PBXBuildFile; fileRef = 89EE84C029AF6A36008A13CF /* Preview Assets.xcassets */; };
		89EE84CC29AF6BB3008A13CF /* TaskModel.xcdatamodeld in Sources */ = {isa = PBXBuildFile; fileRef = 89EE84CA29AF6BB3008A13CF /* TaskModel.xcdatamodeld */; };
		89EE84CE29AF6CD1008A13CF /* TaskManagerViewModel.swift in Sources */ = {isa = PBXBuildFile; fileRef = 89EE84CD29AF6CD1008A13CF /* TaskManagerViewModel.swift */; };
		89EE84D029AF6E6B008A13CF /* HomeView.swift in Sources */ = {isa = PBXBuildFile; fileRef = 89EE84CF29AF6E6B008A13CF /* HomeView.swift */; };
		89EE84D229AF93D6008A13CF /* Extensions.swift in Sources */ = {isa = PBXBuildFile; fileRef = 89EE84D129AF93D6008A13CF /* Extensions.swift */; };
		89EE84D429AFABBB008A13CF /* EditView.swift in Sources */ = {isa = PBXBuildFile; fileRef = 89EE84D329AFABBB008A13CF /* EditView.swift */; };
/* End PBXBuildFile section */

/* Begin PBXFileReference section */
		8904B27329C5F52D00E45406 /* LockScreen.swift */ = {isa = PBXFileReference; lastKnownFileType = sourcecode.swift; path = LockScreen.swift; sourceTree = "<group>"; };
		894ADB9B29C0B70C00B2CEB8 /* AppDelegate.swift */ = {isa = PBXFileReference; lastKnownFileType = sourcecode.swift; path = AppDelegate.swift; sourceTree = "<group>"; };
		8968635529B1FA9300977893 /* AddWindow.swift */ = {isa = PBXFileReference; lastKnownFileType = sourcecode.swift; path = AddWindow.swift; sourceTree = "<group>"; };
		897A627B29C3BAA000F33CC1 /* HapticManager.swift */ = {isa = PBXFileReference; lastKnownFileType = sourcecode.swift; path = HapticManager.swift; sourceTree = "<group>"; };
		899E1E2029C8970700F8E90B /* ColorSchemeManager.swift */ = {isa = PBXFileReference; lastKnownFileType = sourcecode.swift; path = ColorSchemeManager.swift; sourceTree = "<group>"; };
		899E1E2429C8C14900F8E90B /* AddButton.swift */ = {isa = PBXFileReference; lastKnownFileType = sourcecode.swift; path = AddButton.swift; sourceTree = "<group>"; };
		899E1E2629C8C1FE00F8E90B /* TaskRow.swift */ = {isa = PBXFileReference; lastKnownFileType = sourcecode.swift; path = TaskRow.swift; sourceTree = "<group>"; };
		899E1E2829C8C81F00F8E90B /* SearchTextField.swift */ = {isa = PBXFileReference; lastKnownFileType = sourcecode.swift; path = SearchTextField.swift; sourceTree = "<group>"; };
		899E1E2A29C8C90900F8E90B /* SearchButton.swift */ = {isa = PBXFileReference; lastKnownFileType = sourcecode.swift; path = SearchButton.swift; sourceTree = "<group>"; };
		899E1E2C29C8C94B00F8E90B /* MainList.swift */ = {isa = PBXFileReference; lastKnownFileType = sourcecode.swift; path = MainList.swift; sourceTree = "<group>"; };
		899E1E3529C8CCBC00F8E90B /* MenuView.swift */ = {isa = PBXFileReference; lastKnownFileType = sourcecode.swift; path = MenuView.swift; sourceTree = "<group>"; };
		899E1E3729C8CCEF00F8E90B /* PasscodeButton.swift */ = {isa = PBXFileReference; lastKnownFileType = sourcecode.swift; path = PasscodeButton.swift; sourceTree = "<group>"; };
		899E1E3929C8CD6F00F8E90B /* PasscodeCircles.swift */ = {isa = PBXFileReference; lastKnownFileType = sourcecode.swift; path = PasscodeCircles.swift; sourceTree = "<group>"; };
		899E1E3B29C8CE2F00F8E90B /* ShakeEffect.swift */ = {isa = PBXFileReference; lastKnownFileType = sourcecode.swift; path = ShakeEffect.swift; sourceTree = "<group>"; };
		899E1E3E29C8D1C900F8E90B /* BasketButton.swift */ = {isa = PBXFileReference; lastKnownFileType = sourcecode.swift; path = BasketButton.swift; sourceTree = "<group>"; };
		899E1E4129C8D25A00F8E90B /* TitleTextField.swift */ = {isa = PBXFileReference; lastKnownFileType = sourcecode.swift; path = TitleTextField.swift; sourceTree = "<group>"; };
		899E1E4329C8D2F000F8E90B /* NotesField.swift */ = {isa = PBXFileReference; lastKnownFileType = sourcecode.swift; path = NotesField.swift; sourceTree = "<group>"; };
		899E1E4529C8D35E00F8E90B /* NotificationToggle.swift */ = {isa = PBXFileReference; lastKnownFileType = sourcecode.swift; path = NotificationToggle.swift; sourceTree = "<group>"; };
		899E1E4729C8D3B300F8E90B /* NotificationOptions.swift */ = {isa = PBXFileReference; lastKnownFileType = sourcecode.swift; path = NotificationOptions.swift; sourceTree = "<group>"; };
		899E1E4929C8E42E00F8E90B /* SheetView.swift */ = {isa = PBXFileReference; lastKnownFileType = sourcecode.swift; path = SheetView.swift; sourceTree = "<group>"; };
		89A1CCBA29EBF7480022668C /* BiometryManager.swift */ = {isa = PBXFileReference; lastKnownFileType = sourcecode.swift; path = BiometryManager.swift; sourceTree = "<group>"; };
		89A1CCBC29EBF8150022668C /* DataManager.swift */ = {isa = PBXFileReference; lastKnownFileType = sourcecode.swift; path = DataManager.swift; sourceTree = "<group>"; };
		89ACC47C29B641C900D4CAFA /* NotificationManager.swift */ = {isa = PBXFileReference; lastKnownFileType = sourcecode.swift; path = NotificationManager.swift; sourceTree = "<group>"; };
		89B1022A29B0F91F00DBF9F0 /* SettingsView.swift */ = {isa = PBXFileReference; lastKnownFileType = sourcecode.swift; path = SettingsView.swift; sourceTree = "<group>"; };
		89B1022C29B0F93F00DBF9F0 /* RecentView.swift */ = {isa = PBXFileReference; lastKnownFileType = sourcecode.swift; path = RecentView.swift; sourceTree = "<group>"; };
		89B1022F29B10A7B00DBF9F0 /* TabBar.swift */ = {isa = PBXFileReference; lastKnownFileType = sourcecode.swift; path = TabBar.swift; sourceTree = "<group>"; };
		89B4ED0D29C9DA6800A880F7 /* AccentButton.swift */ = {isa = PBXFileReference; lastKnownFileType = sourcecode.swift; path = AccentButton.swift; sourceTree = "<group>"; };
		89DCB2A529C38213007138A1 /* Task-Manager-Info.plist */ = {isa = PBXFileReference; lastKnownFileType = text.plist; path = "Task-Manager-Info.plist"; sourceTree = SOURCE_ROOT; };
		89E51C9729CCB3A6004FFE78 /* ru */ = {isa = PBXFileReference; lastKnownFileType = text.plist.strings; name = ru; path = ru.lproj/Localizable.strings; sourceTree = "<group>"; };
		89E51C9829CCB69B004FFE78 /* uk */ = {isa = PBXFileReference; lastKnownFileType = text.plist.strings; name = uk; path = uk.lproj/Localizable.strings; sourceTree = "<group>"; };
		89E7B22B29BCCD3A00F03954 /* en */ = {isa = PBXFileReference; lastKnownFileType = text.plist.strings; name = en; path = en.lproj/Localizable.strings; sourceTree = "<group>"; };
		89EE84B629AF6A36008A13CF /* Task Manager.app */ = {isa = PBXFileReference; explicitFileType = wrapper.application; includeInIndex = 0; path = "Task Manager.app"; sourceTree = BUILT_PRODUCTS_DIR; };
		89EE84B929AF6A36008A13CF /* Task_ManagerApp.swift */ = {isa = PBXFileReference; lastKnownFileType = sourcecode.swift; path = Task_ManagerApp.swift; sourceTree = "<group>"; };
		89EE84BB29AF6A36008A13CF /* ContentView.swift */ = {isa = PBXFileReference; lastKnownFileType = sourcecode.swift; path = ContentView.swift; sourceTree = "<group>"; };
		89EE84BD29AF6A36008A13CF /* Assets.xcassets */ = {isa = PBXFileReference; lastKnownFileType = folder.assetcatalog; path = Assets.xcassets; sourceTree = "<group>"; };
		89EE84C029AF6A36008A13CF /* Preview Assets.xcassets */ = {isa = PBXFileReference; lastKnownFileType = folder.assetcatalog; path = "Preview Assets.xcassets"; sourceTree = "<group>"; };
		89EE84CB29AF6BB3008A13CF /* TaskModel.xcdatamodel */ = {isa = PBXFileReference; lastKnownFileType = wrapper.xcdatamodel; path = TaskModel.xcdatamodel; sourceTree = "<group>"; };
		89EE84CD29AF6CD1008A13CF /* TaskManagerViewModel.swift */ = {isa = PBXFileReference; lastKnownFileType = sourcecode.swift; path = TaskManagerViewModel.swift; sourceTree = "<group>"; };
		89EE84CF29AF6E6B008A13CF /* HomeView.swift */ = {isa = PBXFileReference; lastKnownFileType = sourcecode.swift; path = HomeView.swift; sourceTree = "<group>"; };
		89EE84D129AF93D6008A13CF /* Extensions.swift */ = {isa = PBXFileReference; lastKnownFileType = sourcecode.swift; path = Extensions.swift; sourceTree = "<group>"; };
		89EE84D329AFABBB008A13CF /* EditView.swift */ = {isa = PBXFileReference; lastKnownFileType = sourcecode.swift; path = EditView.swift; sourceTree = "<group>"; };
/* End PBXFileReference section */

/* Begin PBXFrameworksBuildPhase section */
		89EE84B329AF6A36008A13CF /* Frameworks */ = {
			isa = PBXFrameworksBuildPhase;
			buildActionMask = 2147483647;
			files = (
			);
			runOnlyForDeploymentPostprocessing = 0;
		};
/* End PBXFrameworksBuildPhase section */

/* Begin PBXGroup section */
		899E1E2229C8C07700F8E90B /* HomeView */ = {
			isa = PBXGroup;
			children = (
				899E1E2329C8C10300F8E90B /* HomeComponents */,
				89EE84CF29AF6E6B008A13CF /* HomeView.swift */,
			);
			path = HomeView;
			sourceTree = "<group>";
		};
		899E1E2329C8C10300F8E90B /* HomeComponents */ = {
			isa = PBXGroup;
			children = (
				899E1E2829C8C81F00F8E90B /* SearchTextField.swift */,
				899E1E2A29C8C90900F8E90B /* SearchButton.swift */,
				899E1E2C29C8C94B00F8E90B /* MainList.swift */,
				899E1E2629C8C1FE00F8E90B /* TaskRow.swift */,
				8968635529B1FA9300977893 /* AddWindow.swift */,
				899E1E2429C8C14900F8E90B /* AddButton.swift */,
			);
			path = HomeComponents;
			sourceTree = "<group>";
		};
		899E1E3029C8CB1300F8E90B /* SettingsView */ = {
			isa = PBXGroup;
			children = (
				89B1022A29B0F91F00DBF9F0 /* SettingsView.swift */,
				899E1E4929C8E42E00F8E90B /* SheetView.swift */,
			);
			path = SettingsView;
			sourceTree = "<group>";
		};
		899E1E3129C8CB1E00F8E90B /* RecentView */ = {
			isa = PBXGroup;
			children = (
				899E1E3D29C8D19F00F8E90B /* RecenViewComponents */,
				89B1022C29B0F93F00DBF9F0 /* RecentView.swift */,
			);
			path = RecentView;
			sourceTree = "<group>";
		};
		899E1E3229C8CB3500F8E90B /* LockScreen */ = {
			isa = PBXGroup;
			children = (
				899E1E3429C8CC5600F8E90B /* LockScreenComponents */,
				8904B27329C5F52D00E45406 /* LockScreen.swift */,
			);
			path = LockScreen;
			sourceTree = "<group>";
		};
		899E1E3329C8CBD200F8E90B /* EditView */ = {
			isa = PBXGroup;
			children = (
				899E1E4029C8D1F500F8E90B /* EditViewComponents */,
				89EE84D329AFABBB008A13CF /* EditView.swift */,
			);
			path = EditView;
			sourceTree = "<group>";
		};
		899E1E3429C8CC5600F8E90B /* LockScreenComponents */ = {
			isa = PBXGroup;
			children = (
				899E1E3529C8CCBC00F8E90B /* MenuView.swift */,
				899E1E3729C8CCEF00F8E90B /* PasscodeButton.swift */,
				899E1E3929C8CD6F00F8E90B /* PasscodeCircles.swift */,
				899E1E3B29C8CE2F00F8E90B /* ShakeEffect.swift */,
			);
			path = LockScreenComponents;
			sourceTree = "<group>";
		};
		899E1E3D29C8D19F00F8E90B /* RecenViewComponents */ = {
			isa = PBXGroup;
			children = (
				899E1E3E29C8D1C900F8E90B /* BasketButton.swift */,
			);
			path = RecenViewComponents;
			sourceTree = "<group>";
		};
		899E1E4029C8D1F500F8E90B /* EditViewComponents */ = {
			isa = PBXGroup;
			children = (
				899E1E4129C8D25A00F8E90B /* TitleTextField.swift */,
				899E1E4329C8D2F000F8E90B /* NotesField.swift */,
				899E1E4529C8D35E00F8E90B /* NotificationToggle.swift */,
				899E1E4729C8D3B300F8E90B /* NotificationOptions.swift */,
			);
			path = EditViewComponents;
			sourceTree = "<group>";
		};
		89EE84AD29AF6A35008A13CF = {
			isa = PBXGroup;
			children = (
				89EE84B829AF6A36008A13CF /* Task Manager */,
				89EE84B729AF6A36008A13CF /* Products */,
			);
			sourceTree = "<group>";
		};
		89EE84B729AF6A36008A13CF /* Products */ = {
			isa = PBXGroup;
			children = (
				89EE84B629AF6A36008A13CF /* Task Manager.app */,
			);
			name = Products;
			sourceTree = "<group>";
		};
		89EE84B829AF6A36008A13CF /* Task Manager */ = {
			isa = PBXGroup;
			children = (
				89DCB2A529C38213007138A1 /* Task-Manager-Info.plist */,
				89EE84C929AF6B73008A13CF /* View Model */,
				89EE84C829AF6B6D008A13CF /* Model */,
				89EE84C729AF6B60008A13CF /* View */,
				89EE84B929AF6A36008A13CF /* Task_ManagerApp.swift */,
				89EE84BB29AF6A36008A13CF /* ContentView.swift */,
				89EE84D129AF93D6008A13CF /* Extensions.swift */,
				89E7B22C29BCCD3A00F03954 /* Localizable.strings */,
				89EE84BD29AF6A36008A13CF /* Assets.xcassets */,
				89EE84BF29AF6A36008A13CF /* Preview Content */,
			);
			path = "Task Manager";
			sourceTree = "<group>";
		};
		89EE84BF29AF6A36008A13CF /* Preview Content */ = {
			isa = PBXGroup;
			children = (
				89EE84C029AF6A36008A13CF /* Preview Assets.xcassets */,
			);
			path = "Preview Content";
			sourceTree = "<group>";
		};
		89EE84C729AF6B60008A13CF /* View */ = {
			isa = PBXGroup;
			children = (
				89B1022F29B10A7B00DBF9F0 /* TabBar.swift */,
				89B4ED0D29C9DA6800A880F7 /* AccentButton.swift */,
				899E1E2229C8C07700F8E90B /* HomeView */,
				899E1E3329C8CBD200F8E90B /* EditView */,
				899E1E3229C8CB3500F8E90B /* LockScreen */,
				899E1E3129C8CB1E00F8E90B /* RecentView */,
				899E1E3029C8CB1300F8E90B /* SettingsView */,
			);
			path = View;
			sourceTree = "<group>";
		};
		89EE84C829AF6B6D008A13CF /* Model */ = {
			isa = PBXGroup;
			children = (
				89EE84CA29AF6BB3008A13CF /* TaskModel.xcdatamodeld */,
			);
			path = Model;
			sourceTree = "<group>";
		};
		89EE84C929AF6B73008A13CF /* View Model */ = {
			isa = PBXGroup;
			children = (
				89EE84CD29AF6CD1008A13CF /* TaskManagerViewModel.swift */,
				89A1CCBC29EBF8150022668C /* DataManager.swift */,
				89ACC47C29B641C900D4CAFA /* NotificationManager.swift */,
				894ADB9B29C0B70C00B2CEB8 /* AppDelegate.swift */,
				899E1E2029C8970700F8E90B /* ColorSchemeManager.swift */,
				897A627B29C3BAA000F33CC1 /* HapticManager.swift */,
				89A1CCBA29EBF7480022668C /* BiometryManager.swift */,
			);
			path = "View Model";
			sourceTree = "<group>";
		};
/* End PBXGroup section */

/* Begin PBXNativeTarget section */
		89EE84B529AF6A36008A13CF /* Task Manager */ = {
			isa = PBXNativeTarget;
			buildConfigurationList = 89EE84C429AF6A36008A13CF /* Build configuration list for PBXNativeTarget "Task Manager" */;
			buildPhases = (
				89EE84B229AF6A36008A13CF /* Sources */,
				89EE84B329AF6A36008A13CF /* Frameworks */,
				89EE84B429AF6A36008A13CF /* Resources */,
			);
			buildRules = (
			);
			dependencies = (
			);
			name = "Task Manager";
			productName = "Task Manager";
			productReference = 89EE84B629AF6A36008A13CF /* Task Manager.app */;
			productType = "com.apple.product-type.application";
		};
/* End PBXNativeTarget section */

/* Begin PBXProject section */
		89EE84AE29AF6A35008A13CF /* Project object */ = {
			isa = PBXProject;
			attributes = {
				BuildIndependentTargetsInParallel = 1;
				LastSwiftUpdateCheck = 1420;
				LastUpgradeCheck = 1420;
				TargetAttributes = {
					89EE84B529AF6A36008A13CF = {
						CreatedOnToolsVersion = 14.2;
					};
				};
			};
			buildConfigurationList = 89EE84B129AF6A35008A13CF /* Build configuration list for PBXProject "Task Manager" */;
			compatibilityVersion = "Xcode 14.0";
			developmentRegion = en;
			hasScannedForEncodings = 0;
			knownRegions = (
				en,
				Base,
				ru,
				uk,
			);
			mainGroup = 89EE84AD29AF6A35008A13CF;
			productRefGroup = 89EE84B729AF6A36008A13CF /* Products */;
			projectDirPath = "";
			projectRoot = "";
			targets = (
				89EE84B529AF6A36008A13CF /* Task Manager */,
			);
		};
/* End PBXProject section */

/* Begin PBXResourcesBuildPhase section */
		89EE84B429AF6A36008A13CF /* Resources */ = {
			isa = PBXResourcesBuildPhase;
			buildActionMask = 2147483647;
			files = (
				89EE84C129AF6A36008A13CF /* Preview Assets.xcassets in Resources */,
				89E7B22A29BCCD3A00F03954 /* Localizable.strings in Resources */,
				89EE84BE29AF6A36008A13CF /* Assets.xcassets in Resources */,
			);
			runOnlyForDeploymentPostprocessing = 0;
		};
/* End PBXResourcesBuildPhase section */

/* Begin PBXSourcesBuildPhase section */
		89EE84B229AF6A36008A13CF /* Sources */ = {
			isa = PBXSourcesBuildPhase;
			buildActionMask = 2147483647;
			files = (
				899E1E4429C8D2F000F8E90B /* NotesField.swift in Sources */,
				899E1E4229C8D25A00F8E90B /* TitleTextField.swift in Sources */,
				899E1E4A29C8E42E00F8E90B /* SheetView.swift in Sources */,
				89EE84BC29AF6A36008A13CF /* ContentView.swift in Sources */,
				8904B27429C5F52D00E45406 /* LockScreen.swift in Sources */,
				899E1E2929C8C81F00F8E90B /* SearchTextField.swift in Sources */,
				899E1E3C29C8CE2F00F8E90B /* ShakeEffect.swift in Sources */,
				899E1E2129C8970700F8E90B /* ColorSchemeManager.swift in Sources */,
				89B1022B29B0F91F00DBF9F0 /* SettingsView.swift in Sources */,
				89A1CCBD29EBF8150022668C /* DataManager.swift in Sources */,
				897A627C29C3BAA000F33CC1 /* HapticManager.swift in Sources */,
				89EE84D229AF93D6008A13CF /* Extensions.swift in Sources */,
				899E1E3A29C8CD6F00F8E90B /* PasscodeCircles.swift in Sources */,
				899E1E3629C8CCBC00F8E90B /* MenuView.swift in Sources */,
				899E1E2D29C8C94B00F8E90B /* MainList.swift in Sources */,
				89EE84BA29AF6A36008A13CF /* Task_ManagerApp.swift in Sources */,
				89EE84CC29AF6BB3008A13CF /* TaskModel.xcdatamodeld in Sources */,
				89EE84D429AFABBB008A13CF /* EditView.swift in Sources */,
				89ACC47D29B641C900D4CAFA /* NotificationManager.swift in Sources */,
				8968635629B1FA9400977893 /* AddWindow.swift in Sources */,
				894ADB9C29C0B70C00B2CEB8 /* AppDelegate.swift in Sources */,
				899E1E3829C8CCEF00F8E90B /* PasscodeButton.swift in Sources */,
				899E1E2529C8C14900F8E90B /* AddButton.swift in Sources */,
				89EE84D029AF6E6B008A13CF /* HomeView.swift in Sources */,
				89B4ED0E29C9DA6800A880F7 /* AccentButton.swift in Sources */,
				899E1E2B29C8C90900F8E90B /* SearchButton.swift in Sources */,
				899E1E4629C8D35E00F8E90B /* NotificationToggle.swift in Sources */,
				899E1E3F29C8D1C900F8E90B /* BasketButton.swift in Sources */,
				89B1022D29B0F93F00DBF9F0 /* RecentView.swift in Sources */,
				899E1E2729C8C1FE00F8E90B /* TaskRow.swift in Sources */,
				899E1E4829C8D3B300F8E90B /* NotificationOptions.swift in Sources */,
				89EE84CE29AF6CD1008A13CF /* TaskManagerViewModel.swift in Sources */,
				89B1023029B10A7B00DBF9F0 /* TabBar.swift in Sources */,
				89A1CCBB29EBF7480022668C /* BiometryManager.swift in Sources */,
			);
			runOnlyForDeploymentPostprocessing = 0;
		};
/* End PBXSourcesBuildPhase section */

/* Begin PBXVariantGroup section */
		89E7B22C29BCCD3A00F03954 /* Localizable.strings */ = {
			isa = PBXVariantGroup;
			children = (
				89E7B22B29BCCD3A00F03954 /* en */,
				89E51C9729CCB3A6004FFE78 /* ru */,
				89E51C9829CCB69B004FFE78 /* uk */,
			);
			name = Localizable.strings;
			sourceTree = "<group>";
		};
/* End PBXVariantGroup section */

/* Begin XCBuildConfiguration section */
		89EE84C229AF6A36008A13CF /* Debug */ = {
			isa = XCBuildConfiguration;
			buildSettings = {
				ALWAYS_SEARCH_USER_PATHS = NO;
				CLANG_ANALYZER_LOCALIZABILITY_NONLOCALIZED = YES;
				CLANG_ANALYZER_NONNULL = YES;
				CLANG_ANALYZER_NUMBER_OBJECT_CONVERSION = YES_AGGRESSIVE;
				CLANG_CXX_LANGUAGE_STANDARD = "gnu++20";
				CLANG_ENABLE_MODULES = YES;
				CLANG_ENABLE_OBJC_ARC = YES;
				CLANG_ENABLE_OBJC_WEAK = YES;
				CLANG_WARN_BLOCK_CAPTURE_AUTORELEASING = YES;
				CLANG_WARN_BOOL_CONVERSION = YES;
				CLANG_WARN_COMMA = YES;
				CLANG_WARN_CONSTANT_CONVERSION = YES;
				CLANG_WARN_DEPRECATED_OBJC_IMPLEMENTATIONS = YES;
				CLANG_WARN_DIRECT_OBJC_ISA_USAGE = YES_ERROR;
				CLANG_WARN_DOCUMENTATION_COMMENTS = YES;
				CLANG_WARN_EMPTY_BODY = YES;
				CLANG_WARN_ENUM_CONVERSION = YES;
				CLANG_WARN_INFINITE_RECURSION = YES;
				CLANG_WARN_INT_CONVERSION = YES;
				CLANG_WARN_NON_LITERAL_NULL_CONVERSION = YES;
				CLANG_WARN_OBJC_IMPLICIT_RETAIN_SELF = YES;
				CLANG_WARN_OBJC_LITERAL_CONVERSION = YES;
				CLANG_WARN_OBJC_ROOT_CLASS = YES_ERROR;
				CLANG_WARN_QUOTED_INCLUDE_IN_FRAMEWORK_HEADER = YES;
				CLANG_WARN_RANGE_LOOP_ANALYSIS = YES;
				CLANG_WARN_STRICT_PROTOTYPES = YES;
				CLANG_WARN_SUSPICIOUS_MOVE = YES;
				CLANG_WARN_UNGUARDED_AVAILABILITY = YES_AGGRESSIVE;
				CLANG_WARN_UNREACHABLE_CODE = YES;
				CLANG_WARN__DUPLICATE_METHOD_MATCH = YES;
				COPY_PHASE_STRIP = NO;
				DEBUG_INFORMATION_FORMAT = dwarf;
				ENABLE_STRICT_OBJC_MSGSEND = YES;
				ENABLE_TESTABILITY = YES;
				GCC_C_LANGUAGE_STANDARD = gnu11;
				GCC_DYNAMIC_NO_PIC = NO;
				GCC_NO_COMMON_BLOCKS = YES;
				GCC_OPTIMIZATION_LEVEL = 0;
				GCC_PREPROCESSOR_DEFINITIONS = (
					"DEBUG=1",
					"$(inherited)",
				);
				GCC_WARN_64_TO_32_BIT_CONVERSION = YES;
				GCC_WARN_ABOUT_RETURN_TYPE = YES_ERROR;
				GCC_WARN_UNDECLARED_SELECTOR = YES;
				GCC_WARN_UNINITIALIZED_AUTOS = YES_AGGRESSIVE;
				GCC_WARN_UNUSED_FUNCTION = YES;
				GCC_WARN_UNUSED_VARIABLE = YES;
				IPHONEOS_DEPLOYMENT_TARGET = 16.2;
				MTL_ENABLE_DEBUG_INFO = INCLUDE_SOURCE;
				MTL_FAST_MATH = YES;
				ONLY_ACTIVE_ARCH = YES;
				SDKROOT = iphoneos;
				SWIFT_ACTIVE_COMPILATION_CONDITIONS = DEBUG;
				SWIFT_OPTIMIZATION_LEVEL = "-Onone";
			};
			name = Debug;
		};
		89EE84C329AF6A36008A13CF /* Release */ = {
			isa = XCBuildConfiguration;
			buildSettings = {
				ALWAYS_SEARCH_USER_PATHS = NO;
				CLANG_ANALYZER_LOCALIZABILITY_NONLOCALIZED = YES;
				CLANG_ANALYZER_NONNULL = YES;
				CLANG_ANALYZER_NUMBER_OBJECT_CONVERSION = YES_AGGRESSIVE;
				CLANG_CXX_LANGUAGE_STANDARD = "gnu++20";
				CLANG_ENABLE_MODULES = YES;
				CLANG_ENABLE_OBJC_ARC = YES;
				CLANG_ENABLE_OBJC_WEAK = YES;
				CLANG_WARN_BLOCK_CAPTURE_AUTORELEASING = YES;
				CLANG_WARN_BOOL_CONVERSION = YES;
				CLANG_WARN_COMMA = YES;
				CLANG_WARN_CONSTANT_CONVERSION = YES;
				CLANG_WARN_DEPRECATED_OBJC_IMPLEMENTATIONS = YES;
				CLANG_WARN_DIRECT_OBJC_ISA_USAGE = YES_ERROR;
				CLANG_WARN_DOCUMENTATION_COMMENTS = YES;
				CLANG_WARN_EMPTY_BODY = YES;
				CLANG_WARN_ENUM_CONVERSION = YES;
				CLANG_WARN_INFINITE_RECURSION = YES;
				CLANG_WARN_INT_CONVERSION = YES;
				CLANG_WARN_NON_LITERAL_NULL_CONVERSION = YES;
				CLANG_WARN_OBJC_IMPLICIT_RETAIN_SELF = YES;
				CLANG_WARN_OBJC_LITERAL_CONVERSION = YES;
				CLANG_WARN_OBJC_ROOT_CLASS = YES_ERROR;
				CLANG_WARN_QUOTED_INCLUDE_IN_FRAMEWORK_HEADER = YES;
				CLANG_WARN_RANGE_LOOP_ANALYSIS = YES;
				CLANG_WARN_STRICT_PROTOTYPES = YES;
				CLANG_WARN_SUSPICIOUS_MOVE = YES;
				CLANG_WARN_UNGUARDED_AVAILABILITY = YES_AGGRESSIVE;
				CLANG_WARN_UNREACHABLE_CODE = YES;
				CLANG_WARN__DUPLICATE_METHOD_MATCH = YES;
				COPY_PHASE_STRIP = NO;
				DEBUG_INFORMATION_FORMAT = "dwarf-with-dsym";
				ENABLE_NS_ASSERTIONS = NO;
				ENABLE_STRICT_OBJC_MSGSEND = YES;
				GCC_C_LANGUAGE_STANDARD = gnu11;
				GCC_NO_COMMON_BLOCKS = YES;
				GCC_WARN_64_TO_32_BIT_CONVERSION = YES;
				GCC_WARN_ABOUT_RETURN_TYPE = YES_ERROR;
				GCC_WARN_UNDECLARED_SELECTOR = YES;
				GCC_WARN_UNINITIALIZED_AUTOS = YES_AGGRESSIVE;
				GCC_WARN_UNUSED_FUNCTION = YES;
				GCC_WARN_UNUSED_VARIABLE = YES;
				IPHONEOS_DEPLOYMENT_TARGET = 16.2;
				MTL_ENABLE_DEBUG_INFO = NO;
				MTL_FAST_MATH = YES;
				SDKROOT = iphoneos;
				SWIFT_COMPILATION_MODE = wholemodule;
				SWIFT_OPTIMIZATION_LEVEL = "-O";
				VALIDATE_PRODUCT = YES;
			};
			name = Release;
		};
		89EE84C529AF6A36008A13CF /* Debug */ = {
			isa = XCBuildConfiguration;
			buildSettings = {
				ASSETCATALOG_COMPILER_APPICON_NAME = AppIcon;
				ASSETCATALOG_COMPILER_GLOBAL_ACCENT_COLOR_NAME = AccentColor;
				CODE_SIGN_STYLE = Automatic;
				CURRENT_PROJECT_VERSION = 1;
				DEVELOPMENT_ASSET_PATHS = "\"Task Manager/Preview Content\"";
				DEVELOPMENT_TEAM = FSGMDDB4P8;
				ENABLE_PREVIEWS = YES;
				GENERATE_INFOPLIST_FILE = YES;
				INFOPLIST_FILE = "Task-Manager-Info.plist";
				INFOPLIST_KEY_NSFaceIDUsageDescription = "Using for unlock the app";
				INFOPLIST_KEY_UIApplicationSceneManifest_Generation = YES;
				INFOPLIST_KEY_UILaunchScreen_Generation = YES;
				INFOPLIST_KEY_UISupportedInterfaceOrientations_iPad = "UIInterfaceOrientationPortrait UIInterfaceOrientationPortraitUpsideDown UIInterfaceOrientationLandscapeLeft UIInterfaceOrientationLandscapeRight";
				INFOPLIST_KEY_UISupportedInterfaceOrientations_iPhone = UIInterfaceOrientationPortrait;
				LD_RUNPATH_SEARCH_PATHS = (
					"$(inherited)",
					"@executable_path/Frameworks",
				);
				MARKETING_VERSION = 1.0;
				PRODUCT_BUNDLE_IDENTIFIER = "com.icloud-bubiryov.Task-Manager";
				PRODUCT_NAME = "$(TARGET_NAME)";
				SWIFT_EMIT_LOC_STRINGS = YES;
				SWIFT_VERSION = 5.0;
				TARGETED_DEVICE_FAMILY = "1,2";
			};
			name = Debug;
		};
		89EE84C629AF6A36008A13CF /* Release */ = {
			isa = XCBuildConfiguration;
			buildSettings = {
				ASSETCATALOG_COMPILER_APPICON_NAME = AppIcon;
				ASSETCATALOG_COMPILER_GLOBAL_ACCENT_COLOR_NAME = AccentColor;
				CODE_SIGN_STYLE = Automatic;
				CURRENT_PROJECT_VERSION = 1;
				DEVELOPMENT_ASSET_PATHS = "\"Task Manager/Preview Content\"";
				DEVELOPMENT_TEAM = FSGMDDB4P8;
				ENABLE_PREVIEWS = YES;
				GENERATE_INFOPLIST_FILE = YES;
				INFOPLIST_FILE = "Task-Manager-Info.plist";
				INFOPLIST_KEY_NSFaceIDUsageDescription = "Using for unlock the app";
				INFOPLIST_KEY_UIApplicationSceneManifest_Generation = YES;
				INFOPLIST_KEY_UILaunchScreen_Generation = YES;
				INFOPLIST_KEY_UISupportedInterfaceOrientations_iPad = "UIInterfaceOrientationPortrait UIInterfaceOrientationPortraitUpsideDown UIInterfaceOrientationLandscapeLeft UIInterfaceOrientationLandscapeRight";
				INFOPLIST_KEY_UISupportedInterfaceOrientations_iPhone = UIInterfaceOrientationPortrait;
				LD_RUNPATH_SEARCH_PATHS = (
					"$(inherited)",
					"@executable_path/Frameworks",
				);
				MARKETING_VERSION = 1.0;
				PRODUCT_BUNDLE_IDENTIFIER = "com.icloud-bubiryov.Task-Manager";
				PRODUCT_NAME = "$(TARGET_NAME)";
				SWIFT_EMIT_LOC_STRINGS = YES;
				SWIFT_VERSION = 5.0;
				TARGETED_DEVICE_FAMILY = "1,2";
			};
			name = Release;
		};
/* End XCBuildConfiguration section */

/* Begin XCConfigurationList section */
		89EE84B129AF6A35008A13CF /* Build configuration list for PBXProject "Task Manager" */ = {
			isa = XCConfigurationList;
			buildConfigurations = (
				89EE84C229AF6A36008A13CF /* Debug */,
				89EE84C329AF6A36008A13CF /* Release */,
			);
			defaultConfigurationIsVisible = 0;
			defaultConfigurationName = Release;
		};
		89EE84C429AF6A36008A13CF /* Build configuration list for PBXNativeTarget "Task Manager" */ = {
			isa = XCConfigurationList;
			buildConfigurations = (
				89EE84C529AF6A36008A13CF /* Debug */,
				89EE84C629AF6A36008A13CF /* Release */,
			);
			defaultConfigurationIsVisible = 0;
			defaultConfigurationName = Release;
		};
/* End XCConfigurationList section */

/* Begin XCVersionGroup section */
		89EE84CA29AF6BB3008A13CF /* TaskModel.xcdatamodeld */ = {
			isa = XCVersionGroup;
			children = (
				89EE84CB29AF6BB3008A13CF /* TaskModel.xcdatamodel */,
			);
			currentVersion = 89EE84CB29AF6BB3008A13CF /* TaskModel.xcdatamodel */;
			path = TaskModel.xcdatamodeld;
			sourceTree = "<group>";
			versionGroupType = wrapper.xcdatamodel;
		};
/* End XCVersionGroup section */
	};
	rootObject = 89EE84AE29AF6A35008A13CF /* Project object */;
}
